// !$*UTF8*$!
{
	archiveVersion = 1;
	classes = {
	};
	objectVersion = 50;
	objects = {

/* Begin PBXBuildFile section */
		212756C25EB60F6479DA4734 /* Pods_PokemonAPI.framework in Frameworks */ = {isa = PBXBuildFile; fileRef = 75DA06CE1A6A8B842850DE36 /* Pods_PokemonAPI.framework */; };
		C45BB9F4217FAF7200489664 /* AppDelegate.swift in Sources */ = {isa = PBXBuildFile; fileRef = C45BB9F3217FAF7200489664 /* AppDelegate.swift */; };
		C45BB9F6217FAF7200489664 /* ViewController.swift in Sources */ = {isa = PBXBuildFile; fileRef = C45BB9F5217FAF7200489664 /* ViewController.swift */; };
		C45BB9F9217FAF7200489664 /* Main.storyboard in Resources */ = {isa = PBXBuildFile; fileRef = C45BB9F7217FAF7200489664 /* Main.storyboard */; };
		C45BB9FB217FAF7400489664 /* Assets.xcassets in Resources */ = {isa = PBXBuildFile; fileRef = C45BB9FA217FAF7400489664 /* Assets.xcassets */; };
		C45BB9FE217FAF7400489664 /* LaunchScreen.storyboard in Resources */ = {isa = PBXBuildFile; fileRef = C45BB9FC217FAF7400489664 /* LaunchScreen.storyboard */; };
/* End PBXBuildFile section */

/* Begin PBXFileReference section */
		27BB7D28E9E71363CB05BF9B /* Pods-PokemonAPI.debug.xcconfig */ = {isa = PBXFileReference; includeInIndex = 1; lastKnownFileType = text.xcconfig; name = "Pods-PokemonAPI.debug.xcconfig"; path = "Pods/Target Support Files/Pods-PokemonAPI/Pods-PokemonAPI.debug.xcconfig"; sourceTree = "<group>"; };
		5D2C35CD29F1C53B2BF56373 /* Pods-PokemonAPI.release.xcconfig */ = {isa = PBXFileReference; includeInIndex = 1; lastKnownFileType = text.xcconfig; name = "Pods-PokemonAPI.release.xcconfig"; path = "Pods/Target Support Files/Pods-PokemonAPI/Pods-PokemonAPI.release.xcconfig"; sourceTree = "<group>"; };
		75DA06CE1A6A8B842850DE36 /* Pods_PokemonAPI.framework */ = {isa = PBXFileReference; explicitFileType = wrapper.framework; includeInIndex = 0; path = Pods_PokemonAPI.framework; sourceTree = BUILT_PRODUCTS_DIR; };
		C45BB9F0217FAF7200489664 /* PokemonAPI.app */ = {isa = PBXFileReference; explicitFileType = wrapper.application; includeInIndex = 0; path = PokemonAPI.app; sourceTree = BUILT_PRODUCTS_DIR; };
		C45BB9F3217FAF7200489664 /* AppDelegate.swift */ = {isa = PBXFileReference; lastKnownFileType = sourcecode.swift; path = AppDelegate.swift; sourceTree = "<group>"; };
		C45BB9F5217FAF7200489664 /* ViewController.swift */ = {isa = PBXFileReference; lastKnownFileType = sourcecode.swift; path = ViewController.swift; sourceTree = "<group>"; };
		C45BB9F8217FAF7200489664 /* Base */ = {isa = PBXFileReference; lastKnownFileType = file.storyboard; name = Base; path = Base.lproj/Main.storyboard; sourceTree = "<group>"; };
		C45BB9FA217FAF7400489664 /* Assets.xcassets */ = {isa = PBXFileReference; lastKnownFileType = folder.assetcatalog; path = Assets.xcassets; sourceTree = "<group>"; };
		C45BB9FD217FAF7400489664 /* Base */ = {isa = PBXFileReference; lastKnownFileType = file.storyboard; name = Base; path = Base.lproj/LaunchScreen.storyboard; sourceTree = "<group>"; };
		C45BB9FF217FAF7400489664 /* Info.plist */ = {isa = PBXFileReference; lastKnownFileType = text.plist.xml; path = Info.plist; sourceTree = "<group>"; };
/* End PBXFileReference section */

/* Begin PBXFrameworksBuildPhase section */
		C45BB9ED217FAF7200489664 /* Frameworks */ = {
			isa = PBXFrameworksBuildPhase;
			buildActionMask = 2147483647;
			files = (
				212756C25EB60F6479DA4734 /* Pods_PokemonAPI.framework in Frameworks */,
			);
			runOnlyForDeploymentPostprocessing = 0;
		};
/* End PBXFrameworksBuildPhase section */

/* Begin PBXGroup section */
		413FE61F5D0D012D0D58D1F4 /* Frameworks */ = {
			isa = PBXGroup;
			children = (
				75DA06CE1A6A8B842850DE36 /* Pods_PokemonAPI.framework */,
			);
			name = Frameworks;
			sourceTree = "<group>";
		};
		AEB68A9F9BDA65449522FDFC /* Pods */ = {
			isa = PBXGroup;
			children = (
				27BB7D28E9E71363CB05BF9B /* Pods-PokemonAPI.debug.xcconfig */,
				5D2C35CD29F1C53B2BF56373 /* Pods-PokemonAPI.release.xcconfig */,
			);
			name = Pods;
			sourceTree = "<group>";
		};
		C45BB9E7217FAF7200489664 = {
			isa = PBXGroup;
			children = (
				C45BB9F2217FAF7200489664 /* PokemonAPI */,
				C45BB9F1217FAF7200489664 /* Products */,
				AEB68A9F9BDA65449522FDFC /* Pods */,
				413FE61F5D0D012D0D58D1F4 /* Frameworks */,
			);
			sourceTree = "<group>";
		};
		C45BB9F1217FAF7200489664 /* Products */ = {
			isa = PBXGroup;
			children = (
				C45BB9F0217FAF7200489664 /* PokemonAPI.app */,
			);
			name = Products;
			sourceTree = "<group>";
		};
		C45BB9F2217FAF7200489664 /* PokemonAPI */ = {
			isa = PBXGroup;
			children = (
				C45BB9F3217FAF7200489664 /* AppDelegate.swift */,
				C45BB9F5217FAF7200489664 /* ViewController.swift */,
				C45BB9F7217FAF7200489664 /* Main.storyboard */,
				C45BB9FA217FAF7400489664 /* Assets.xcassets */,
				C45BB9FC217FAF7400489664 /* LaunchScreen.storyboard */,
				C45BB9FF217FAF7400489664 /* Info.plist */,
			);
			path = PokemonAPI;
			sourceTree = "<group>";
		};
/* End PBXGroup section */

/* Begin PBXNativeTarget section */
		C45BB9EF217FAF7200489664 /* PokemonAPI */ = {
			isa = PBXNativeTarget;
			buildConfigurationList = C45BBA02217FAF7400489664 /* Build configuration list for PBXNativeTarget "PokemonAPI" */;
			buildPhases = (
				C9E1F084217D0827BC651EE5 /* [CP] Check Pods Manifest.lock */,
				C45BB9EC217FAF7200489664 /* Sources */,
				C45BB9ED217FAF7200489664 /* Frameworks */,
				C45BB9EE217FAF7200489664 /* Resources */,
				AF5355623F9505CA1644215D /* [CP] Embed Pods Frameworks */,
			);
			buildRules = (
			);
			dependencies = (
			);
			name = PokemonAPI;
			productName = PokemonAPI;
			productReference = C45BB9F0217FAF7200489664 /* PokemonAPI.app */;
			productType = "com.apple.product-type.application";
		};
/* End PBXNativeTarget section */

/* Begin PBXProject section */
		C45BB9E8217FAF7200489664 /* Project object */ = {
			isa = PBXProject;
			attributes = {
				LastSwiftUpdateCheck = 1000;
				LastUpgradeCheck = 1000;
				ORGANIZATIONNAME = "Kyle Houts";
				TargetAttributes = {
					C45BB9EF217FAF7200489664 = {
						CreatedOnToolsVersion = 10.0;
					};
				};
			};
			buildConfigurationList = C45BB9EB217FAF7200489664 /* Build configuration list for PBXProject "PokemonAPI" */;
			compatibilityVersion = "Xcode 9.3";
			developmentRegion = en;
			hasScannedForEncodings = 0;
			knownRegions = (
				en,
				Base,
			);
			mainGroup = C45BB9E7217FAF7200489664;
			productRefGroup = C45BB9F1217FAF7200489664 /* Products */;
			projectDirPath = "";
			projectRoot = "";
			targets = (
				C45BB9EF217FAF7200489664 /* PokemonAPI */,
			);
		};
/* End PBXProject section */

/* Begin PBXResourcesBuildPhase section */
		C45BB9EE217FAF7200489664 /* Resources */ = {
			isa = PBXResourcesBuildPhase;
			buildActionMask = 2147483647;
			files = (
				C45BB9FE217FAF7400489664 /* LaunchScreen.storyboard in Resources */,
				C45BB9FB217FAF7400489664 /* Assets.xcassets in Resources */,
				C45BB9F9217FAF7200489664 /* Main.storyboard in Resources */,
			);
			runOnlyForDeploymentPostprocessing = 0;
		};
/* End PBXResourcesBuildPhase section */

/* Begin PBXShellScriptBuildPhase section */
		AF5355623F9505CA1644215D /* [CP] Embed Pods Frameworks */ = {
			isa = PBXShellScriptBuildPhase;
			buildActionMask = 2147483647;
			files = (
			);
			inputPaths = (
				"${SRCROOT}/Pods/Target Support Files/Pods-PokemonAPI/Pods-PokemonAPI-frameworks.sh",
				"${BUILT_PRODUCTS_DIR}/Alamofire/Alamofire.framework",
				"${BUILT_PRODUCTS_DIR}/SDWebImage/SDWebImage.framework",
				"${BUILT_PRODUCTS_DIR}/SwiftyJSON/SwiftyJSON.framework",
			);
			name = "[CP] Embed Pods Frameworks";
			outputPaths = (
				"${TARGET_BUILD_DIR}/${FRAMEWORKS_FOLDER_PATH}/Alamofire.framework",
				"${TARGET_BUILD_DIR}/${FRAMEWORKS_FOLDER_PATH}/SDWebImage.framework",
				"${TARGET_BUILD_DIR}/${FRAMEWORKS_FOLDER_PATH}/SwiftyJSON.framework",
			);
			runOnlyForDeploymentPostprocessing = 0;
			shellPath = /bin/sh;
			shellScript = "\"${SRCROOT}/Pods/Target Support Files/Pods-PokemonAPI/Pods-PokemonAPI-frameworks.sh\"\n";
			showEnvVarsInLog = 0;
		};
		C9E1F084217D0827BC651EE5 /* [CP] Check Pods Manifest.lock */ = {
			isa = PBXShellScriptBuildPhase;
			buildActionMask = 2147483647;
			files = (
			);
			inputPaths = (
				"${PODS_PODFILE_DIR_PATH}/Podfile.lock",
				"${PODS_ROOT}/Manifest.lock",
			);
			name = "[CP] Check Pods Manifest.lock";
			outputPaths = (
				"$(DERIVED_FILE_DIR)/Pods-PokemonAPI-checkManifestLockResult.txt",
			);
			runOnlyForDeploymentPostprocessing = 0;
			shellPath = /bin/sh;
			shellScript = "diff \"${PODS_PODFILE_DIR_PATH}/Podfile.lock\" \"${PODS_ROOT}/Manifest.lock\" > /dev/null\nif [ $? != 0 ] ; then\n    # print error to STDERR\n    echo \"error: The sandbox is not in sync with the Podfile.lock. Run 'pod install' or update your CocoaPods installation.\" >&2\n    exit 1\nfi\n# This output is used by Xcode 'outputs' to avoid re-running this script phase.\necho \"SUCCESS\" > \"${SCRIPT_OUTPUT_FILE_0}\"\n";
			showEnvVarsInLog = 0;
		};
/* End PBXShellScriptBuildPhase section */

/* Begin PBXSourcesBuildPhase section */
		C45BB9EC217FAF7200489664 /* Sources */ = {
			isa = PBXSourcesBuildPhase;
			buildActionMask = 2147483647;
			files = (
				C45BB9F6217FAF7200489664 /* ViewController.swift in Sources */,
				C45BB9F4217FAF7200489664 /* AppDelegate.swift in Sources */,
			);
			runOnlyForDeploymentPostprocessing = 0;
		};
/* End PBXSourcesBuildPhase section */

/* Begin PBXVariantGroup section */
		C45BB9F7217FAF7200489664 /* Main.storyboard */ = {
			isa = PBXVariantGroup;
			children = (
				C45BB9F8217FAF7200489664 /* Base */,
			);
			name = Main.storyboard;
			sourceTree = "<group>";
		};
		C45BB9FC217FAF7400489664 /* LaunchScreen.storyboard */ = {
			isa = PBXVariantGroup;
			children = (
				C45BB9FD217FAF7400489664 /* Base */,
			);
			name = LaunchScreen.storyboard;
			sourceTree = "<group>";
		};
/* End PBXVariantGroup section */

/* Begin XCBuildConfiguration section */
		C45BBA00217FAF7400489664 /* Debug */ = {
			isa = XCBuildConfiguration;
			buildSettings = {
				ALWAYS_SEARCH_USER_PATHS = NO;
				CLANG_ANALYZER_NONNULL = YES;
				CLANG_ANALYZER_NUMBER_OBJECT_CONVERSION = YES_AGGRESSIVE;
				CLANG_CXX_LANGUAGE_STANDARD = "gnu++14";
				CLANG_CXX_LIBRARY = "libc++";
				CLANG_ENABLE_MODULES = YES;
				CLANG_ENABLE_OBJC_ARC = YES;
				CLANG_ENABLE_OBJC_WEAK = YES;
				CLANG_WARN_BLOCK_CAPTURE_AUTORELEASING = YES;
				CLANG_WARN_BOOL_CONVERSION = YES;
				CLANG_WARN_COMMA = YES;
				CLANG_WARN_CONSTANT_CONVERSION = YES;
				CLANG_WARN_DEPRECATED_OBJC_IMPLEMENTATIONS = YES;
				CLANG_WARN_DIRECT_OBJC_ISA_USAGE = YES_ERROR;
				CLANG_WARN_DOCUMENTATION_COMMENTS = YES;
				CLANG_WARN_EMPTY_BODY = YES;
				CLANG_WARN_ENUM_CONVERSION = YES;
				CLANG_WARN_INFINITE_RECURSION = YES;
				CLANG_WARN_INT_CONVERSION = YES;
				CLANG_WARN_NON_LITERAL_NULL_CONVERSION = YES;
				CLANG_WARN_OBJC_IMPLICIT_RETAIN_SELF = YES;
				CLANG_WARN_OBJC_LITERAL_CONVERSION = YES;
				CLANG_WARN_OBJC_ROOT_CLASS = YES_ERROR;
				CLANG_WARN_RANGE_LOOP_ANALYSIS = YES;
				CLANG_WARN_STRICT_PROTOTYPES = YES;
				CLANG_WARN_SUSPICIOUS_MOVE = YES;
				CLANG_WARN_UNGUARDED_AVAILABILITY = YES_AGGRESSIVE;
				CLANG_WARN_UNREACHABLE_CODE = YES;
				CLANG_WARN__DUPLICATE_METHOD_MATCH = YES;
				CODE_SIGN_IDENTITY = "iPhone Developer";
				COPY_PHASE_STRIP = NO;
				DEBUG_INFORMATION_FORMAT = dwarf;
				ENABLE_STRICT_OBJC_MSGSEND = YES;
				ENABLE_TESTABILITY = YES;
				GCC_C_LANGUAGE_STANDARD = gnu11;
				GCC_DYNAMIC_NO_PIC = NO;
				GCC_NO_COMMON_BLOCKS = YES;
				GCC_OPTIMIZATION_LEVEL = 0;
				GCC_PREPROCESSOR_DEFINITIONS = (
					"DEBUG=1",
					"$(inherited)",
				);
				GCC_WARN_64_TO_32_BIT_CONVERSION = YES;
				GCC_WARN_ABOUT_RETURN_TYPE = YES_ERROR;
				GCC_WARN_UNDECLARED_SELECTOR = YES;
				GCC_WARN_UNINITIALIZED_AUTOS = YES_AGGRESSIVE;
				GCC_WARN_UNUSED_FUNCTION = YES;
				GCC_WARN_UNUSED_VARIABLE = YES;
				IPHONEOS_DEPLOYMENT_TARGET = 12.0;
				MTL_ENABLE_DEBUG_INFO = INCLUDE_SOURCE;
				MTL_FAST_MATH = YES;
				ONLY_ACTIVE_ARCH = YES;
				SDKROOT = iphoneos;
				SWIFT_ACTIVE_COMPILATION_CONDITIONS = DEBUG;
				SWIFT_OPTIMIZATION_LEVEL = "-Onone";
			};
			name = Debug;
		};
		C45BBA01217FAF7400489664 /* Release */ = {
			isa = XCBuildConfiguration;
			buildSettings = {
				ALWAYS_SEARCH_USER_PATHS = NO;
				CLANG_ANALYZER_NONNULL = YES;
				CLANG_ANALYZER_NUMBER_OBJECT_CONVERSION = YES_AGGRESSIVE;
				CLANG_CXX_LANGUAGE_STANDARD = "gnu++14";
				CLANG_CXX_LIBRARY = "libc++";
				CLANG_ENABLE_MODULES = YES;
				CLANG_ENABLE_OBJC_ARC = YES;
				CLANG_ENABLE_OBJC_WEAK = YES;
				CLANG_WARN_BLOCK_CAPTURE_AUTORELEASING = YES;
				CLANG_WARN_BOOL_CONVERSION = YES;
				CLANG_WARN_COMMA = YES;
				CLANG_WARN_CONSTANT_CONVERSION = YES;
				CLANG_WARN_DEPRECATED_OBJC_IMPLEMENTATIONS = YES;
				CLANG_WARN_DIRECT_OBJC_ISA_USAGE = YES_ERROR;
				CLANG_WARN_DOCUMENTATION_COMMENTS = YES;
				CLANG_WARN_EMPTY_BODY = YES;
				CLANG_WARN_ENUM_CONVERSION = YES;
				CLANG_WARN_INFINITE_RECURSION = YES;
				CLANG_WARN_INT_CONVERSION = YES;
				CLANG_WARN_NON_LITERAL_NULL_CONVERSION = YES;
				CLANG_WARN_OBJC_IMPLICIT_RETAIN_SELF = YES;
				CLANG_WARN_OBJC_LITERAL_CONVERSION = YES;
				CLANG_WARN_OBJC_ROOT_CLASS = YES_ERROR;
				CLANG_WARN_RANGE_LOOP_ANALYSIS = YES;
				CLANG_WARN_STRICT_PROTOTYPES = YES;
				CLANG_WARN_SUSPICIOUS_MOVE = YES;
				CLANG_WARN_UNGUARDED_AVAILABILITY = YES_AGGRESSIVE;
				CLANG_WARN_UNREACHABLE_CODE = YES;
				CLANG_WARN__DUPLICATE_METHOD_MATCH = YES;
				CODE_SIGN_IDENTITY = "iPhone Developer";
				COPY_PHASE_STRIP = NO;
				DEBUG_INFORMATION_FORMAT = "dwarf-with-dsym";
				ENABLE_NS_ASSERTIONS = NO;
				ENABLE_STRICT_OBJC_MSGSEND = YES;
				GCC_C_LANGUAGE_STANDARD = gnu11;
				GCC_NO_COMMON_BLOCKS = YES;
				GCC_WARN_64_TO_32_BIT_CONVERSION = YES;
				GCC_WARN_ABOUT_RETURN_TYPE = YES_ERROR;
				GCC_WARN_UNDECLARED_SELECTOR = YES;
				GCC_WARN_UNINITIALIZED_AUTOS = YES_AGGRESSIVE;
				GCC_WARN_UNUSED_FUNCTION = YES;
				GCC_WARN_UNUSED_VARIABLE = YES;
				IPHONEOS_DEPLOYMENT_TARGET = 12.0;
				MTL_ENABLE_DEBUG_INFO = NO;
				MTL_FAST_MATH = YES;
				SDKROOT = iphoneos;
				SWIFT_COMPILATION_MODE = wholemodule;
				SWIFT_OPTIMIZATION_LEVEL = "-O";
				VALIDATE_PRODUCT = YES;
			};
			name = Release;
		};
		C45BBA03217FAF7400489664 /* Debug */ = {
			isa = XCBuildConfiguration;
			baseConfigurationReference = 27BB7D28E9E71363CB05BF9B /* Pods-PokemonAPI.debug.xcconfig */;
			buildSettings = {
				ASSETCATALOG_COMPILER_APPICON_NAME = AppIcon;
				CODE_SIGN_STYLE = Automatic;
				INFOPLIST_FILE = PokemonAPI/Info.plist;
				LD_RUNPATH_SEARCH_PATHS = (
					"$(inherited)",
					"@executable_path/Frameworks",
				);
				PRODUCT_BUNDLE_IDENTIFIER = com.interaptskills.PokemonAPI;
				PRODUCT_NAME = "$(TARGET_NAME)";
				SWIFT_VERSION = 4.2;
				TARGETED_DEVICE_FAMILY = "1,2";
			};
			name = Debug;
		};
		C45BBA04217FAF7400489664 /* Release */ = {
			isa = XCBuildConfiguration;
			baseConfigurationReference = 5D2C35CD29F1C53B2BF56373 /* Pods-PokemonAPI.release.xcconfig */;
			buildSettings = {
				ASSETCATALOG_COMPILER_APPICON_NAME = AppIcon;
				CODE_SIGN_STYLE = Automatic;
				INFOPLIST_FILE = PokemonAPI/Info.plist;
				LD_RUNPATH_SEARCH_PATHS = (
					"$(inherited)",
					"@executable_path/Frameworks",
				);
				PRODUCT_BUNDLE_IDENTIFIER = com.interaptskills.PokemonAPI;
				PRODUCT_NAME = "$(TARGET_NAME)";
				SWIFT_VERSION = 4.2;
				TARGETED_DEVICE_FAMILY = "1,2";
			};
			name = Release;
		};
/* End XCBuildConfiguration section */

/* Begin XCConfigurationList section */
		C45BB9EB217FAF7200489664 /* Build configuration list for PBXProject "PokemonAPI" */ = {
			isa = XCConfigurationList;
			buildConfigurations = (
				C45BBA00217FAF7400489664 /* Debug */,
				C45BBA01217FAF7400489664 /* Release */,
			);
			defaultConfigurationIsVisible = 0;
			defaultConfigurationName = Release;
		};
		C45BBA02217FAF7400489664 /* Build configuration list for PBXNativeTarget "PokemonAPI" */ = {
			isa = XCConfigurationList;
			buildConfigurations = (
				C45BBA03217FAF7400489664 /* Debug */,
				C45BBA04217FAF7400489664 /* Release */,
			);
			defaultConfigurationIsVisible = 0;
			defaultConfigurationName = Release;
		};
/* End XCConfigurationList section */
	};
	rootObject = C45BB9E8217FAF7200489664 /* Project object */;
}
